// !$*UTF8*$!
{
	archiveVersion = 1;
	classes = {
	};
	objectVersion = 48;
	objects = {

/* Begin PBXBuildFile section */
		351E63F320E08710008C1219 /* VideoTimeViewController.m in Sources */ = {isa = PBXBuildFile; fileRef = 351E63F220E08710008C1219 /* VideoTimeViewController.m */; };
		351E63F920E0E647008C1219 /* DWDragView.m in Sources */ = {isa = PBXBuildFile; fileRef = 351E63F820E0E647008C1219 /* DWDragView.m */; };
		35802DA820F465ED00C7D78D /* libShortSDK.a in Frameworks */ = {isa = PBXBuildFile; fileRef = 35802DA620F465ED00C7D78D /* libShortSDK.a */; };
		35DAA21520E9C4B1009E3306 /* DWImageView.m in Sources */ = {isa = PBXBuildFile; fileRef = 35DAA21320E9C4B1009E3306 /* DWImageView.m */; };
		35DAA22220E9C922009E3306 /* VideoSizeViewController.m in Sources */ = {isa = PBXBuildFile; fileRef = 35DAA22020E9C922009E3306 /* VideoSizeViewController.m */; };
		35E1BCBE1F8B716200807775 /* Assets.xcassets in Resources */ = {isa = PBXBuildFile; fileRef = 35E1BCBD1F8B716200807775 /* Assets.xcassets */; };
		35E1BCC11F8B716200807775 /* LaunchScreen.storyboard in Resources */ = {isa = PBXBuildFile; fileRef = 35E1BCBF1F8B716200807775 /* LaunchScreen.storyboard */; };
		35E1BCC41F8B716200807775 /* main.m in Sources */ = {isa = PBXBuildFile; fileRef = 35E1BCC31F8B716200807775 /* main.m */; };
		35E1BCCE1F8B716300807775 /* ShortVideoDemoTests.m in Sources */ = {isa = PBXBuildFile; fileRef = 35E1BCCD1F8B716300807775 /* ShortVideoDemoTests.m */; };
		35E1BCD91F8B716300807775 /* ShortVideoDemoUITests.m in Sources */ = {isa = PBXBuildFile; fileRef = 35E1BCD81F8B716300807775 /* ShortVideoDemoUITests.m */; };
		35E1BCFE1F8B758100807775 /* DWUploadViewController.m in Sources */ = {isa = PBXBuildFile; fileRef = 35E1BCED1F8B757F00807775 /* DWUploadViewController.m */; };
		35E1BCFF1F8B758100807775 /* FirstViewController.m in Sources */ = {isa = PBXBuildFile; fileRef = 35E1BCF11F8B758000807775 /* FirstViewController.m */; };
		35E1BD001F8B758100807775 /* DWuploadModel.m in Sources */ = {isa = PBXBuildFile; fileRef = 35E1BCF31F8B758000807775 /* DWuploadModel.m */; };
		35E1BD011F8B758100807775 /* DWImageTitleButton.m in Sources */ = {isa = PBXBuildFile; fileRef = 35E1BCF51F8B758000807775 /* DWImageTitleButton.m */; };
		35E1BD021F8B758100807775 /* DWUploadInfoSetupViewController.m in Sources */ = {isa = PBXBuildFile; fileRef = 35E1BCF71F8B758000807775 /* DWUploadInfoSetupViewController.m */; };
		35E1BD031F8B758100807775 /* AppDelegate.m in Sources */ = {isa = PBXBuildFile; fileRef = 35E1BCF81F8B758000807775 /* AppDelegate.m */; };
		35E1BD041F8B758100807775 /* DWUploadTableViewCell.m in Sources */ = {isa = PBXBuildFile; fileRef = 35E1BCF91F8B758100807775 /* DWUploadTableViewCell.m */; };
		35E1BD051F8B758100807775 /* ShortEditViewController.m in Sources */ = {isa = PBXBuildFile; fileRef = 35E1BCFB1F8B758100807775 /* ShortEditViewController.m */; };
		35E1BD061F8B758100807775 /* ShortVideoViewController.m in Sources */ = {isa = PBXBuildFile; fileRef = 35E1BCFD1F8B758100807775 /* ShortVideoViewController.m */; };
		84832305DF9D6DB8DCF9A6F8 /* libPods-ShortVideoDemo.a in Frameworks */ = {isa = PBXBuildFile; fileRef = 23BB44403B7E3BFE044C418C /* libPods-ShortVideoDemo.a */; };
/* End PBXBuildFile section */

/* Begin PBXContainerItemProxy section */
		35E1BCCA1F8B716300807775 /* PBXContainerItemProxy */ = {
			isa = PBXContainerItemProxy;
			containerPortal = 35E1BCA91F8B716200807775 /* Project object */;
			proxyType = 1;
			remoteGlobalIDString = 35E1BCB01F8B716200807775;
			remoteInfo = ShortVideoDemo;
		};
		35E1BCD51F8B716300807775 /* PBXContainerItemProxy */ = {
			isa = PBXContainerItemProxy;
			containerPortal = 35E1BCA91F8B716200807775 /* Project object */;
			proxyType = 1;
			remoteGlobalIDString = 35E1BCB01F8B716200807775;
			remoteInfo = ShortVideoDemo;
		};
/* End PBXContainerItemProxy section */

/* Begin PBXFileReference section */
		12180910572D699333274A70 /* Pods-ShortVideoDemo.debug.xcconfig */ = {isa = PBXFileReference; includeInIndex = 1; lastKnownFileType = text.xcconfig; name = "Pods-ShortVideoDemo.debug.xcconfig"; path = "Pods/Target Support Files/Pods-ShortVideoDemo/Pods-ShortVideoDemo.debug.xcconfig"; sourceTree = "<group>"; };
		23BB44403B7E3BFE044C418C /* libPods-ShortVideoDemo.a */ = {isa = PBXFileReference; explicitFileType = archive.ar; includeInIndex = 0; path = "libPods-ShortVideoDemo.a"; sourceTree = BUILT_PRODUCTS_DIR; };
		2E8A1C24169A80C51F04CFA6 /* Pods-ShortVideoDemo.release.xcconfig */ = {isa = PBXFileReference; includeInIndex = 1; lastKnownFileType = text.xcconfig; name = "Pods-ShortVideoDemo.release.xcconfig"; path = "Pods/Target Support Files/Pods-ShortVideoDemo/Pods-ShortVideoDemo.release.xcconfig"; sourceTree = "<group>"; };
		351E63F120E08710008C1219 /* VideoTimeViewController.h */ = {isa = PBXFileReference; lastKnownFileType = sourcecode.c.h; path = VideoTimeViewController.h; sourceTree = "<group>"; };
		351E63F220E08710008C1219 /* VideoTimeViewController.m */ = {isa = PBXFileReference; lastKnownFileType = sourcecode.c.objc; path = VideoTimeViewController.m; sourceTree = "<group>"; };
		351E63F720E0E647008C1219 /* DWDragView.h */ = {isa = PBXFileReference; lastKnownFileType = sourcecode.c.h; path = DWDragView.h; sourceTree = "<group>"; };
		351E63F820E0E647008C1219 /* DWDragView.m */ = {isa = PBXFileReference; lastKnownFileType = sourcecode.c.objc; path = DWDragView.m; sourceTree = "<group>"; };
		35802DA520F465ED00C7D78D /* DWShortSDK.h */ = {isa = PBXFileReference; fileEncoding = 4; lastKnownFileType = sourcecode.c.h; path = DWShortSDK.h; sourceTree = "<group>"; };
		35802DA620F465ED00C7D78D /* libShortSDK.a */ = {isa = PBXFileReference; lastKnownFileType = archive.ar; path = libShortSDK.a; sourceTree = "<group>"; };
		35802DA720F465ED00C7D78D /* DWShortTool.h */ = {isa = PBXFileReference; fileEncoding = 4; lastKnownFileType = sourcecode.c.h; path = DWShortTool.h; sourceTree = "<group>"; };
		35DAA21320E9C4B1009E3306 /* DWImageView.m */ = {isa = PBXFileReference; fileEncoding = 4; lastKnownFileType = sourcecode.c.objc; path = DWImageView.m; sourceTree = "<group>"; };
		35DAA21420E9C4B1009E3306 /* DWImageView.h */ = {isa = PBXFileReference; fileEncoding = 4; lastKnownFileType = sourcecode.c.h; path = DWImageView.h; sourceTree = "<group>"; };
		35DAA22020E9C922009E3306 /* VideoSizeViewController.m */ = {isa = PBXFileReference; fileEncoding = 4; lastKnownFileType = sourcecode.c.objc; path = VideoSizeViewController.m; sourceTree = "<group>"; };
		35DAA22120E9C922009E3306 /* VideoSizeViewController.h */ = {isa = PBXFileReference; fileEncoding = 4; lastKnownFileType = sourcecode.c.h; path = VideoSizeViewController.h; sourceTree = "<group>"; };
		35E1BCB11F8B716200807775 /* ShortVideoDemo.app */ = {isa = PBXFileReference; explicitFileType = wrapper.application; includeInIndex = 0; path = ShortVideoDemo.app; sourceTree = BUILT_PRODUCTS_DIR; };
		35E1BCBD1F8B716200807775 /* Assets.xcassets */ = {isa = PBXFileReference; lastKnownFileType = folder.assetcatalog; path = Assets.xcassets; sourceTree = "<group>"; };
		35E1BCC01F8B716200807775 /* Base */ = {isa = PBXFileReference; lastKnownFileType = file.storyboard; name = Base; path = Base.lproj/LaunchScreen.storyboard; sourceTree = "<group>"; };
		35E1BCC21F8B716200807775 /* Info.plist */ = {isa = PBXFileReference; lastKnownFileType = text.plist.xml; path = Info.plist; sourceTree = "<group>"; };
		35E1BCC31F8B716200807775 /* main.m */ = {isa = PBXFileReference; lastKnownFileType = sourcecode.c.objc; path = main.m; sourceTree = "<group>"; };
		35E1BCC91F8B716300807775 /* ShortVideoDemoTests.xctest */ = {isa = PBXFileReference; explicitFileType = wrapper.cfbundle; includeInIndex = 0; path = ShortVideoDemoTests.xctest; sourceTree = BUILT_PRODUCTS_DIR; };
		35E1BCCD1F8B716300807775 /* ShortVideoDemoTests.m */ = {isa = PBXFileReference; lastKnownFileType = sourcecode.c.objc; path = ShortVideoDemoTests.m; sourceTree = "<group>"; };
		35E1BCCF1F8B716300807775 /* Info.plist */ = {isa = PBXFileReference; lastKnownFileType = text.plist.xml; path = Info.plist; sourceTree = "<group>"; };
		35E1BCD41F8B716300807775 /* ShortVideoDemoUITests.xctest */ = {isa = PBXFileReference; explicitFileType = wrapper.cfbundle; includeInIndex = 0; path = ShortVideoDemoUITests.xctest; sourceTree = BUILT_PRODUCTS_DIR; };
		35E1BCD81F8B716300807775 /* ShortVideoDemoUITests.m */ = {isa = PBXFileReference; lastKnownFileType = sourcecode.c.objc; path = ShortVideoDemoUITests.m; sourceTree = "<group>"; };
		35E1BCDA1F8B716300807775 /* Info.plist */ = {isa = PBXFileReference; lastKnownFileType = text.plist.xml; path = Info.plist; sourceTree = "<group>"; };
		35E1BCE61F8B737100807775 /* ShortVideoDemo-Prefix.pch */ = {isa = PBXFileReference; lastKnownFileType = sourcecode.c.h; path = "ShortVideoDemo-Prefix.pch"; sourceTree = "<group>"; };
		35E1BCEC1F8B757F00807775 /* DWImageTitleButton.h */ = {isa = PBXFileReference; fileEncoding = 4; lastKnownFileType = sourcecode.c.h; path = DWImageTitleButton.h; sourceTree = "<group>"; };
		35E1BCED1F8B757F00807775 /* DWUploadViewController.m */ = {isa = PBXFileReference; fileEncoding = 4; lastKnownFileType = sourcecode.c.objc; path = DWUploadViewController.m; sourceTree = "<group>"; };
		35E1BCEE1F8B757F00807775 /* FirstViewController.h */ = {isa = PBXFileReference; fileEncoding = 4; lastKnownFileType = sourcecode.c.h; path = FirstViewController.h; sourceTree = "<group>"; };
		35E1BCEF1F8B757F00807775 /* ShortVideoViewController.h */ = {isa = PBXFileReference; fileEncoding = 4; lastKnownFileType = sourcecode.c.h; path = ShortVideoViewController.h; sourceTree = "<group>"; };
		35E1BCF01F8B757F00807775 /* DWUploadViewController.h */ = {isa = PBXFileReference; fileEncoding = 4; lastKnownFileType = sourcecode.c.h; path = DWUploadViewController.h; sourceTree = "<group>"; };
		35E1BCF11F8B758000807775 /* FirstViewController.m */ = {isa = PBXFileReference; fileEncoding = 4; lastKnownFileType = sourcecode.c.objc; path = FirstViewController.m; sourceTree = "<group>"; };
		35E1BCF21F8B758000807775 /* ShortEditViewController.h */ = {isa = PBXFileReference; fileEncoding = 4; lastKnownFileType = sourcecode.c.h; path = ShortEditViewController.h; sourceTree = "<group>"; };
		35E1BCF31F8B758000807775 /* DWuploadModel.m */ = {isa = PBXFileReference; fileEncoding = 4; lastKnownFileType = sourcecode.c.objc; path = DWuploadModel.m; sourceTree = "<group>"; };
		35E1BCF41F8B758000807775 /* DWUploadInfoSetupViewController.h */ = {isa = PBXFileReference; fileEncoding = 4; lastKnownFileType = sourcecode.c.h; path = DWUploadInfoSetupViewController.h; sourceTree = "<group>"; };
		35E1BCF51F8B758000807775 /* DWImageTitleButton.m */ = {isa = PBXFileReference; fileEncoding = 4; lastKnownFileType = sourcecode.c.objc; path = DWImageTitleButton.m; sourceTree = "<group>"; };
		35E1BCF61F8B758000807775 /* DWuploadModel.h */ = {isa = PBXFileReference; fileEncoding = 4; lastKnownFileType = sourcecode.c.h; path = DWuploadModel.h; sourceTree = "<group>"; };
		35E1BCF71F8B758000807775 /* DWUploadInfoSetupViewController.m */ = {isa = PBXFileReference; fileEncoding = 4; lastKnownFileType = sourcecode.c.objc; path = DWUploadInfoSetupViewController.m; sourceTree = "<group>"; };
		35E1BCF81F8B758000807775 /* AppDelegate.m */ = {isa = PBXFileReference; fileEncoding = 4; lastKnownFileType = sourcecode.c.objc; path = AppDelegate.m; sourceTree = "<group>"; };
		35E1BCF91F8B758100807775 /* DWUploadTableViewCell.m */ = {isa = PBXFileReference; fileEncoding = 4; lastKnownFileType = sourcecode.c.objc; path = DWUploadTableViewCell.m; sourceTree = "<group>"; };
		35E1BCFA1F8B758100807775 /* AppDelegate.h */ = {isa = PBXFileReference; fileEncoding = 4; lastKnownFileType = sourcecode.c.h; path = AppDelegate.h; sourceTree = "<group>"; };
		35E1BCFB1F8B758100807775 /* ShortEditViewController.m */ = {isa = PBXFileReference; fileEncoding = 4; lastKnownFileType = sourcecode.c.objc; path = ShortEditViewController.m; sourceTree = "<group>"; };
		35E1BCFC1F8B758100807775 /* DWUploadTableViewCell.h */ = {isa = PBXFileReference; fileEncoding = 4; lastKnownFileType = sourcecode.c.h; path = DWUploadTableViewCell.h; sourceTree = "<group>"; };
		35E1BCFD1F8B758100807775 /* ShortVideoViewController.m */ = {isa = PBXFileReference; fileEncoding = 4; lastKnownFileType = sourcecode.c.objc; path = ShortVideoViewController.m; sourceTree = "<group>"; };
/* End PBXFileReference section */

/* Begin PBXFrameworksBuildPhase section */
		35E1BCAE1F8B716200807775 /* Frameworks */ = {
			isa = PBXFrameworksBuildPhase;
			buildActionMask = 2147483647;
			files = (
				84832305DF9D6DB8DCF9A6F8 /* libPods-ShortVideoDemo.a in Frameworks */,
				35802DA820F465ED00C7D78D /* libShortSDK.a in Frameworks */,
			);
			runOnlyForDeploymentPostprocessing = 0;
		};
		35E1BCC61F8B716300807775 /* Frameworks */ = {
			isa = PBXFrameworksBuildPhase;
			buildActionMask = 2147483647;
			files = (
			);
			runOnlyForDeploymentPostprocessing = 0;
		};
		35E1BCD11F8B716300807775 /* Frameworks */ = {
			isa = PBXFrameworksBuildPhase;
			buildActionMask = 2147483647;
			files = (
			);
			runOnlyForDeploymentPostprocessing = 0;
		};
/* End PBXFrameworksBuildPhase section */

/* Begin PBXGroup section */
		114D6A2C89831DD8894FC2D0 /* Frameworks */ = {
			isa = PBXGroup;
			children = (
				23BB44403B7E3BFE044C418C /* libPods-ShortVideoDemo.a */,
			);
			name = Frameworks;
			sourceTree = "<group>";
		};
		35B59B9220E5CFCA00E85712 /* VideoTime */ = {
			isa = PBXGroup;
			children = (
				351E63F120E08710008C1219 /* VideoTimeViewController.h */,
				351E63F220E08710008C1219 /* VideoTimeViewController.m */,
				351E63F720E0E647008C1219 /* DWDragView.h */,
				351E63F820E0E647008C1219 /* DWDragView.m */,
			);
			path = VideoTime;
			sourceTree = "<group>";
		};
		35B59B9320E5CFF800E85712 /* VideoSize */ = {
			isa = PBXGroup;
			children = (
				35DAA21420E9C4B1009E3306 /* DWImageView.h */,
				35DAA21320E9C4B1009E3306 /* DWImageView.m */,
				35DAA22120E9C922009E3306 /* VideoSizeViewController.h */,
				35DAA22020E9C922009E3306 /* VideoSizeViewController.m */,
			);
			path = VideoSize;
			sourceTree = "<group>";
		};
		35E1BCA81F8B716200807775 = {
			isa = PBXGroup;
			children = (
				35E1BCB31F8B716200807775 /* ShortVideoDemo */,
				35E1BCCC1F8B716300807775 /* ShortVideoDemoTests */,
				35E1BCD71F8B716300807775 /* ShortVideoDemoUITests */,
				35E1BCB21F8B716200807775 /* Products */,
				569952059F07399E6784E418 /* Pods */,
				114D6A2C89831DD8894FC2D0 /* Frameworks */,
			);
			sourceTree = "<group>";
		};
		35E1BCB21F8B716200807775 /* Products */ = {
			isa = PBXGroup;
			children = (
				35E1BCB11F8B716200807775 /* ShortVideoDemo.app */,
				35E1BCC91F8B716300807775 /* ShortVideoDemoTests.xctest */,
				35E1BCD41F8B716300807775 /* ShortVideoDemoUITests.xctest */,
			);
			name = Products;
			sourceTree = "<group>";
		};
		35E1BCB31F8B716200807775 /* ShortVideoDemo */ = {
			isa = PBXGroup;
			children = (
				35B59B9320E5CFF800E85712 /* VideoSize */,
				35B59B9220E5CFCA00E85712 /* VideoTime */,
				35E1BCFA1F8B758100807775 /* AppDelegate.h */,
				35E1BCF81F8B758000807775 /* AppDelegate.m */,
				35E1BCEC1F8B757F00807775 /* DWImageTitleButton.h */,
				35E1BCF51F8B758000807775 /* DWImageTitleButton.m */,
				35E1BCF41F8B758000807775 /* DWUploadInfoSetupViewController.h */,
				35E1BCF71F8B758000807775 /* DWUploadInfoSetupViewController.m */,
				35E1BCF61F8B758000807775 /* DWuploadModel.h */,
				35E1BCF31F8B758000807775 /* DWuploadModel.m */,
				35E1BCFC1F8B758100807775 /* DWUploadTableViewCell.h */,
				35E1BCF91F8B758100807775 /* DWUploadTableViewCell.m */,
				35E1BCF01F8B757F00807775 /* DWUploadViewController.h */,
				35E1BCED1F8B757F00807775 /* DWUploadViewController.m */,
				35E1BCEE1F8B757F00807775 /* FirstViewController.h */,
				35E1BCF11F8B758000807775 /* FirstViewController.m */,
				35E1BCF21F8B758000807775 /* ShortEditViewController.h */,
				35E1BCFB1F8B758100807775 /* ShortEditViewController.m */,
				35E1BCEF1F8B757F00807775 /* ShortVideoViewController.h */,
				35E1BCFD1F8B758100807775 /* ShortVideoViewController.m */,
				35E1BCE71F8B73D100807775 /* ShortSDK */,
				35E1BCBD1F8B716200807775 /* Assets.xcassets */,
				35E1BCBF1F8B716200807775 /* LaunchScreen.storyboard */,
				35E1BCC21F8B716200807775 /* Info.plist */,
				35E1BCC31F8B716200807775 /* main.m */,
				35E1BCE61F8B737100807775 /* ShortVideoDemo-Prefix.pch */,
			);
			path = ShortVideoDemo;
			sourceTree = "<group>";
		};
		35E1BCCC1F8B716300807775 /* ShortVideoDemoTests */ = {
			isa = PBXGroup;
			children = (
				35E1BCCD1F8B716300807775 /* ShortVideoDemoTests.m */,
				35E1BCCF1F8B716300807775 /* Info.plist */,
			);
			path = ShortVideoDemoTests;
			sourceTree = "<group>";
		};
		35E1BCD71F8B716300807775 /* ShortVideoDemoUITests */ = {
			isa = PBXGroup;
			children = (
				35E1BCD81F8B716300807775 /* ShortVideoDemoUITests.m */,
				35E1BCDA1F8B716300807775 /* Info.plist */,
			);
			path = ShortVideoDemoUITests;
			sourceTree = "<group>";
		};
		35E1BCE71F8B73D100807775 /* ShortSDK */ = {
			isa = PBXGroup;
			children = (
				35802DA520F465ED00C7D78D /* DWShortSDK.h */,
				35802DA720F465ED00C7D78D /* DWShortTool.h */,
				35802DA620F465ED00C7D78D /* libShortSDK.a */,
			);
			path = ShortSDK;
			sourceTree = "<group>";
		};
		569952059F07399E6784E418 /* Pods */ = {
			isa = PBXGroup;
			children = (
				12180910572D699333274A70 /* Pods-ShortVideoDemo.debug.xcconfig */,
				2E8A1C24169A80C51F04CFA6 /* Pods-ShortVideoDemo.release.xcconfig */,
			);
			name = Pods;
			sourceTree = "<group>";
		};
/* End PBXGroup section */

/* Begin PBXNativeTarget section */
		35E1BCB01F8B716200807775 /* ShortVideoDemo */ = {
			isa = PBXNativeTarget;
			buildConfigurationList = 35E1BCDD1F8B716300807775 /* Build configuration list for PBXNativeTarget "ShortVideoDemo" */;
			buildPhases = (
				D53BB4DBA18AFE40E265F2E3 /* [CP] Check Pods Manifest.lock */,
				35E1BCAD1F8B716200807775 /* Sources */,
				35E1BCAE1F8B716200807775 /* Frameworks */,
				35E1BCAF1F8B716200807775 /* Resources */,
				FAFEDADC546FA4E42909C45D /* [CP] Embed Pods Frameworks */,
				ACC11843559634CCCDE63606 /* [CP] Copy Pods Resources */,
			);
			buildRules = (
			);
			dependencies = (
			);
			name = ShortVideoDemo;
			productName = ShortVideoDemo;
			productReference = 35E1BCB11F8B716200807775 /* ShortVideoDemo.app */;
			productType = "com.apple.product-type.application";
		};
		35E1BCC81F8B716300807775 /* ShortVideoDemoTests */ = {
			isa = PBXNativeTarget;
			buildConfigurationList = 35E1BCE01F8B716300807775 /* Build configuration list for PBXNativeTarget "ShortVideoDemoTests" */;
			buildPhases = (
				35E1BCC51F8B716300807775 /* Sources */,
				35E1BCC61F8B716300807775 /* Frameworks */,
				35E1BCC71F8B716300807775 /* Resources */,
			);
			buildRules = (
			);
			dependencies = (
				35E1BCCB1F8B716300807775 /* PBXTargetDependency */,
			);
			name = ShortVideoDemoTests;
			productName = ShortVideoDemoTests;
			productReference = 35E1BCC91F8B716300807775 /* ShortVideoDemoTests.xctest */;
			productType = "com.apple.product-type.bundle.unit-test";
		};
		35E1BCD31F8B716300807775 /* ShortVideoDemoUITests */ = {
			isa = PBXNativeTarget;
			buildConfigurationList = 35E1BCE31F8B716300807775 /* Build configuration list for PBXNativeTarget "ShortVideoDemoUITests" */;
			buildPhases = (
				35E1BCD01F8B716300807775 /* Sources */,
				35E1BCD11F8B716300807775 /* Frameworks */,
				35E1BCD21F8B716300807775 /* Resources */,
			);
			buildRules = (
			);
			dependencies = (
				35E1BCD61F8B716300807775 /* PBXTargetDependency */,
			);
			name = ShortVideoDemoUITests;
			productName = ShortVideoDemoUITests;
			productReference = 35E1BCD41F8B716300807775 /* ShortVideoDemoUITests.xctest */;
			productType = "com.apple.product-type.bundle.ui-testing";
		};
/* End PBXNativeTarget section */

/* Begin PBXProject section */
		35E1BCA91F8B716200807775 /* Project object */ = {
			isa = PBXProject;
			attributes = {
				LastUpgradeCheck = 0900;
				ORGANIZATIONNAME = Myself;
				TargetAttributes = {
					35E1BCB01F8B716200807775 = {
						CreatedOnToolsVersion = 9.0;
						ProvisioningStyle = Automatic;
					};
					35E1BCC81F8B716300807775 = {
						CreatedOnToolsVersion = 9.0;
						ProvisioningStyle = Automatic;
						TestTargetID = 35E1BCB01F8B716200807775;
					};
					35E1BCD31F8B716300807775 = {
						CreatedOnToolsVersion = 9.0;
						ProvisioningStyle = Automatic;
						TestTargetID = 35E1BCB01F8B716200807775;
					};
				};
			};
			buildConfigurationList = 35E1BCAC1F8B716200807775 /* Build configuration list for PBXProject "ShortVideoDemo" */;
			compatibilityVersion = "Xcode 8.0";
			developmentRegion = en;
			hasScannedForEncodings = 0;
			knownRegions = (
				en,
				Base,
			);
			mainGroup = 35E1BCA81F8B716200807775;
			productRefGroup = 35E1BCB21F8B716200807775 /* Products */;
			projectDirPath = "";
			projectRoot = "";
			targets = (
				35E1BCB01F8B716200807775 /* ShortVideoDemo */,
				35E1BCC81F8B716300807775 /* ShortVideoDemoTests */,
				35E1BCD31F8B716300807775 /* ShortVideoDemoUITests */,
			);
		};
/* End PBXProject section */

/* Begin PBXResourcesBuildPhase section */
		35E1BCAF1F8B716200807775 /* Resources */ = {
			isa = PBXResourcesBuildPhase;
			buildActionMask = 2147483647;
			files = (
				35E1BCC11F8B716200807775 /* LaunchScreen.storyboard in Resources */,
				35E1BCBE1F8B716200807775 /* Assets.xcassets in Resources */,
			);
			runOnlyForDeploymentPostprocessing = 0;
		};
		35E1BCC71F8B716300807775 /* Resources */ = {
			isa = PBXResourcesBuildPhase;
			buildActionMask = 2147483647;
			files = (
			);
			runOnlyForDeploymentPostprocessing = 0;
		};
		35E1BCD21F8B716300807775 /* Resources */ = {
			isa = PBXResourcesBuildPhase;
			buildActionMask = 2147483647;
			files = (
			);
			runOnlyForDeploymentPostprocessing = 0;
		};
/* End PBXResourcesBuildPhase section */

/* Begin PBXShellScriptBuildPhase section */
		ACC11843559634CCCDE63606 /* [CP] Copy Pods Resources */ = {
			isa = PBXShellScriptBuildPhase;
			buildActionMask = 2147483647;
			files = (
			);
			inputPaths = (
				"${SRCROOT}/Pods/Target Support Files/Pods-ShortVideoDemo/Pods-ShortVideoDemo-resources.sh",
				"${PODS_ROOT}/GPUImage/framework/Resources/lookup.png",
				"${PODS_ROOT}/GPUImage/framework/Resources/lookup_amatorka.png",
				"${PODS_ROOT}/GPUImage/framework/Resources/lookup_miss_etikate.png",
				"${PODS_ROOT}/GPUImage/framework/Resources/lookup_soft_elegance_1.png",
				"${PODS_ROOT}/GPUImage/framework/Resources/lookup_soft_elegance_2.png",
			);
			name = "[CP] Copy Pods Resources";
			outputPaths = (
				"${TARGET_BUILD_DIR}/${UNLOCALIZED_RESOURCES_FOLDER_PATH}",
			);
			runOnlyForDeploymentPostprocessing = 0;
			shellPath = /bin/sh;
			shellScript = "\"${SRCROOT}/Pods/Target Support Files/Pods-ShortVideoDemo/Pods-ShortVideoDemo-resources.sh\"\n";
			showEnvVarsInLog = 0;
		};
		D53BB4DBA18AFE40E265F2E3 /* [CP] Check Pods Manifest.lock */ = {
			isa = PBXShellScriptBuildPhase;
			buildActionMask = 2147483647;
			files = (
			);
			inputPaths = (
				"${PODS_PODFILE_DIR_PATH}/Podfile.lock",
				"${PODS_ROOT}/Manifest.lock",
			);
			name = "[CP] Check Pods Manifest.lock";
			outputPaths = (
				"$(DERIVED_FILE_DIR)/Pods-ShortVideoDemo-checkManifestLockResult.txt",
			);
			runOnlyForDeploymentPostprocessing = 0;
			shellPath = /bin/sh;
			shellScript = "diff \"${PODS_PODFILE_DIR_PATH}/Podfile.lock\" \"${PODS_ROOT}/Manifest.lock\" > /dev/null\nif [ $? != 0 ] ; then\n    # print error to STDERR\n    echo \"error: The sandbox is not in sync with the Podfile.lock. Run 'pod install' or update your CocoaPods installation.\" >&2\n    exit 1\nfi\n# This output is used by Xcode 'outputs' to avoid re-running this script phase.\necho \"SUCCESS\" > \"${SCRIPT_OUTPUT_FILE_0}\"\n";
			showEnvVarsInLog = 0;
		};
		FAFEDADC546FA4E42909C45D /* [CP] Embed Pods Frameworks */ = {
			isa = PBXShellScriptBuildPhase;
			buildActionMask = 2147483647;
			files = (
			);
			inputPaths = (
			);
			name = "[CP] Embed Pods Frameworks";
			outputPaths = (
			);
			runOnlyForDeploymentPostprocessing = 0;
			shellPath = /bin/sh;
			shellScript = "\"${SRCROOT}/Pods/Target Support Files/Pods-ShortVideoDemo/Pods-ShortVideoDemo-frameworks.sh\"\n";
			showEnvVarsInLog = 0;
		};
/* End PBXShellScriptBuildPhase section */

/* Begin PBXSourcesBuildPhase section */
		35E1BCAD1F8B716200807775 /* Sources */ = {
			isa = PBXSourcesBuildPhase;
			buildActionMask = 2147483647;
			files = (
				35E1BD051F8B758100807775 /* ShortEditViewController.m in Sources */,
				35E1BCFE1F8B758100807775 /* DWUploadViewController.m in Sources */,
				35E1BD011F8B758100807775 /* DWImageTitleButton.m in Sources */,
				35DAA22220E9C922009E3306 /* VideoSizeViewController.m in Sources */,
				35E1BD021F8B758100807775 /* DWUploadInfoSetupViewController.m in Sources */,
				35E1BCFF1F8B758100807775 /* FirstViewController.m in Sources */,
				35E1BD061F8B758100807775 /* ShortVideoViewController.m in Sources */,
				35E1BCC41F8B716200807775 /* main.m in Sources */,
				35DAA21520E9C4B1009E3306 /* DWImageView.m in Sources */,
				35E1BD041F8B758100807775 /* DWUploadTableViewCell.m in Sources */,
				351E63F320E08710008C1219 /* VideoTimeViewController.m in Sources */,
				35E1BD001F8B758100807775 /* DWuploadModel.m in Sources */,
				35E1BD031F8B758100807775 /* AppDelegate.m in Sources */,
				351E63F920E0E647008C1219 /* DWDragView.m in Sources */,
			);
			runOnlyForDeploymentPostprocessing = 0;
		};
		35E1BCC51F8B716300807775 /* Sources */ = {
			isa = PBXSourcesBuildPhase;
			buildActionMask = 2147483647;
			files = (
				35E1BCCE1F8B716300807775 /* ShortVideoDemoTests.m in Sources */,
			);
			runOnlyForDeploymentPostprocessing = 0;
		};
		35E1BCD01F8B716300807775 /* Sources */ = {
			isa = PBXSourcesBuildPhase;
			buildActionMask = 2147483647;
			files = (
				35E1BCD91F8B716300807775 /* ShortVideoDemoUITests.m in Sources */,
			);
			runOnlyForDeploymentPostprocessing = 0;
		};
/* End PBXSourcesBuildPhase section */

/* Begin PBXTargetDependency section */
		35E1BCCB1F8B716300807775 /* PBXTargetDependency */ = {
			isa = PBXTargetDependency;
			target = 35E1BCB01F8B716200807775 /* ShortVideoDemo */;
			targetProxy = 35E1BCCA1F8B716300807775 /* PBXContainerItemProxy */;
		};
		35E1BCD61F8B716300807775 /* PBXTargetDependency */ = {
			isa = PBXTargetDependency;
			target = 35E1BCB01F8B716200807775 /* ShortVideoDemo */;
			targetProxy = 35E1BCD51F8B716300807775 /* PBXContainerItemProxy */;
		};
/* End PBXTargetDependency section */

/* Begin PBXVariantGroup section */
		35E1BCBF1F8B716200807775 /* LaunchScreen.storyboard */ = {
			isa = PBXVariantGroup;
			children = (
				35E1BCC01F8B716200807775 /* Base */,
			);
			name = LaunchScreen.storyboard;
			sourceTree = "<group>";
		};
/* End PBXVariantGroup section */

/* Begin XCBuildConfiguration section */
		35E1BCDB1F8B716300807775 /* Debug */ = {
			isa = XCBuildConfiguration;
			buildSettings = {
				ALWAYS_SEARCH_USER_PATHS = NO;
				CLANG_ANALYZER_NONNULL = YES;
				CLANG_ANALYZER_NUMBER_OBJECT_CONVERSION = YES_AGGRESSIVE;
				CLANG_CXX_LANGUAGE_STANDARD = "gnu++14";
				CLANG_CXX_LIBRARY = "libc++";
				CLANG_ENABLE_MODULES = YES;
				CLANG_ENABLE_OBJC_ARC = YES;
				CLANG_WARN_BLOCK_CAPTURE_AUTORELEASING = YES;
				CLANG_WARN_BOOL_CONVERSION = YES;
				CLANG_WARN_COMMA = YES;
				CLANG_WARN_CONSTANT_CONVERSION = YES;
				CLANG_WARN_DIRECT_OBJC_ISA_USAGE = YES_ERROR;
				CLANG_WARN_DOCUMENTATION_COMMENTS = YES;
				CLANG_WARN_EMPTY_BODY = YES;
				CLANG_WARN_ENUM_CONVERSION = YES;
				CLANG_WARN_INFINITE_RECURSION = YES;
				CLANG_WARN_INT_CONVERSION = YES;
				CLANG_WARN_NON_LITERAL_NULL_CONVERSION = YES;
				CLANG_WARN_OBJC_LITERAL_CONVERSION = YES;
				CLANG_WARN_OBJC_ROOT_CLASS = YES_ERROR;
				CLANG_WARN_RANGE_LOOP_ANALYSIS = YES;
				CLANG_WARN_STRICT_PROTOTYPES = YES;
				CLANG_WARN_SUSPICIOUS_MOVE = YES;
				CLANG_WARN_UNGUARDED_AVAILABILITY = YES_AGGRESSIVE;
				CLANG_WARN_UNREACHABLE_CODE = YES;
				CLANG_WARN__DUPLICATE_METHOD_MATCH = YES;
				CODE_SIGN_IDENTITY = "iPhone Developer";
				COPY_PHASE_STRIP = NO;
				DEBUG_INFORMATION_FORMAT = dwarf;
				ENABLE_STRICT_OBJC_MSGSEND = YES;
				ENABLE_TESTABILITY = YES;
				GCC_C_LANGUAGE_STANDARD = gnu11;
				GCC_DYNAMIC_NO_PIC = NO;
				GCC_NO_COMMON_BLOCKS = YES;
				GCC_OPTIMIZATION_LEVEL = 0;
				GCC_PREPROCESSOR_DEFINITIONS = (
					"DEBUG=1",
					"$(inherited)",
				);
				GCC_WARN_64_TO_32_BIT_CONVERSION = YES;
				GCC_WARN_ABOUT_RETURN_TYPE = YES_ERROR;
				GCC_WARN_UNDECLARED_SELECTOR = YES;
				GCC_WARN_UNINITIALIZED_AUTOS = YES_AGGRESSIVE;
				GCC_WARN_UNUSED_FUNCTION = YES;
				GCC_WARN_UNUSED_VARIABLE = YES;
				IPHONEOS_DEPLOYMENT_TARGET = 11.0;
				MTL_ENABLE_DEBUG_INFO = YES;
				ONLY_ACTIVE_ARCH = YES;
				SDKROOT = iphoneos;
			};
			name = Debug;
		};
		35E1BCDC1F8B716300807775 /* Release */ = {
			isa = XCBuildConfiguration;
			buildSettings = {
				ALWAYS_SEARCH_USER_PATHS = NO;
				CLANG_ANALYZER_NONNULL = YES;
				CLANG_ANALYZER_NUMBER_OBJECT_CONVERSION = YES_AGGRESSIVE;
				CLANG_CXX_LANGUAGE_STANDARD = "gnu++14";
				CLANG_CXX_LIBRARY = "libc++";
				CLANG_ENABLE_MODULES = YES;
				CLANG_ENABLE_OBJC_ARC = YES;
				CLANG_WARN_BLOCK_CAPTURE_AUTORELEASING = YES;
				CLANG_WARN_BOOL_CONVERSION = YES;
				CLANG_WARN_COMMA = YES;
				CLANG_WARN_CONSTANT_CONVERSION = YES;
				CLANG_WARN_DIRECT_OBJC_ISA_USAGE = YES_ERROR;
				CLANG_WARN_DOCUMENTATION_COMMENTS = YES;
				CLANG_WARN_EMPTY_BODY = YES;
				CLANG_WARN_ENUM_CONVERSION = YES;
				CLANG_WARN_INFINITE_RECURSION = YES;
				CLANG_WARN_INT_CONVERSION = YES;
				CLANG_WARN_NON_LITERAL_NULL_CONVERSION = YES;
				CLANG_WARN_OBJC_LITERAL_CONVERSION = YES;
				CLANG_WARN_OBJC_ROOT_CLASS = YES_ERROR;
				CLANG_WARN_RANGE_LOOP_ANALYSIS = YES;
				CLANG_WARN_STRICT_PROTOTYPES = YES;
				CLANG_WARN_SUSPICIOUS_MOVE = YES;
				CLANG_WARN_UNGUARDED_AVAILABILITY = YES_AGGRESSIVE;
				CLANG_WARN_UNREACHABLE_CODE = YES;
				CLANG_WARN__DUPLICATE_METHOD_MATCH = YES;
				CODE_SIGN_IDENTITY = "iPhone Developer";
				COPY_PHASE_STRIP = NO;
				DEBUG_INFORMATION_FORMAT = "dwarf-with-dsym";
				ENABLE_NS_ASSERTIONS = NO;
				ENABLE_STRICT_OBJC_MSGSEND = YES;
				GCC_C_LANGUAGE_STANDARD = gnu11;
				GCC_NO_COMMON_BLOCKS = YES;
				GCC_WARN_64_TO_32_BIT_CONVERSION = YES;
				GCC_WARN_ABOUT_RETURN_TYPE = YES_ERROR;
				GCC_WARN_UNDECLARED_SELECTOR = YES;
				GCC_WARN_UNINITIALIZED_AUTOS = YES_AGGRESSIVE;
				GCC_WARN_UNUSED_FUNCTION = YES;
				GCC_WARN_UNUSED_VARIABLE = YES;
				IPHONEOS_DEPLOYMENT_TARGET = 11.0;
				MTL_ENABLE_DEBUG_INFO = NO;
				SDKROOT = iphoneos;
				VALIDATE_PRODUCT = YES;
			};
			name = Release;
		};
		35E1BCDE1F8B716300807775 /* Debug */ = {
			isa = XCBuildConfiguration;
			baseConfigurationReference = 12180910572D699333274A70 /* Pods-ShortVideoDemo.debug.xcconfig */;
			buildSettings = {
				ASSETCATALOG_COMPILER_APPICON_NAME = AppIcon;
				CODE_SIGN_STYLE = Automatic;
				DEVELOPMENT_TEAM = P92BH8WWP5;
				GCC_PRECOMPILE_PREFIX_HEADER = YES;
				GCC_PREFIX_HEADER = "ShortVideoDemo/ShortVideoDemo-Prefix.pch";
				INFOPLIST_FILE = ShortVideoDemo/Info.plist;
				IPHONEOS_DEPLOYMENT_TARGET = 8.0;
				LD_RUNPATH_SEARCH_PATHS = "$(inherited) @executable_path/Frameworks";
				LIBRARY_SEARCH_PATHS = (
					"$(inherited)",
					"$(PROJECT_DIR)/ShortVideoDemo/ShortSDK",
				);
				PRODUCT_BUNDLE_IDENTIFIER = cc.Boke.com.ShortVideoDemo;
				PRODUCT_NAME = "$(TARGET_NAME)";
				TARGETED_DEVICE_FAMILY = 1;
			};
			name = Debug;
		};
		35E1BCDF1F8B716300807775 /* Release */ = {
			isa = XCBuildConfiguration;
			baseConfigurationReference = 2E8A1C24169A80C51F04CFA6 /* Pods-ShortVideoDemo.release.xcconfig */;
			buildSettings = {
				ASSETCATALOG_COMPILER_APPICON_NAME = AppIcon;
				CODE_SIGN_STYLE = Automatic;
				DEVELOPMENT_TEAM = P92BH8WWP5;
				GCC_PRECOMPILE_PREFIX_HEADER = YES;
				GCC_PREFIX_HEADER = "ShortVideoDemo/ShortVideoDemo-Prefix.pch";
				INFOPLIST_FILE = ShortVideoDemo/Info.plist;
				IPHONEOS_DEPLOYMENT_TARGET = 8.0;
				LD_RUNPATH_SEARCH_PATHS = "$(inherited) @executable_path/Frameworks";
				LIBRARY_SEARCH_PATHS = (
					"$(inherited)",
					"$(PROJECT_DIR)/ShortVideoDemo/ShortSDK",
				);
				PRODUCT_BUNDLE_IDENTIFIER = cc.Boke.com.ShortVideoDemo;
				PRODUCT_NAME = "$(TARGET_NAME)";
				TARGETED_DEVICE_FAMILY = 1;
			};
			name = Release;
		};
		35E1BCE11F8B716300807775 /* Debug */ = {
			isa = XCBuildConfiguration;
			buildSettings = {
				BUNDLE_LOADER = "$(TEST_HOST)";
				CODE_SIGN_STYLE = Automatic;
				INFOPLIST_FILE = ShortVideoDemoTests/Info.plist;
				LD_RUNPATH_SEARCH_PATHS = "$(inherited) @executable_path/Frameworks @loader_path/Frameworks";
				PRODUCT_BUNDLE_IDENTIFIER = cc.Boke.com.ShortVideoDemoTests;
				PRODUCT_NAME = "$(TARGET_NAME)";
				TARGETED_DEVICE_FAMILY = "1,2";
				TEST_HOST = "$(BUILT_PRODUCTS_DIR)/ShortVideoDemo.app/ShortVideoDemo";
			};
			name = Debug;
		};
		35E1BCE21F8B716300807775 /* Release */ = {
			isa = XCBuildConfiguration;
			buildSettings = {
				BUNDLE_LOADER = "$(TEST_HOST)";
				CODE_SIGN_STYLE = Automatic;
				INFOPLIST_FILE = ShortVideoDemoTests/Info.plist;
				LD_RUNPATH_SEARCH_PATHS = "$(inherited) @executable_path/Frameworks @loader_path/Frameworks";
				PRODUCT_BUNDLE_IDENTIFIER = cc.Boke.com.ShortVideoDemoTests;
				PRODUCT_NAME = "$(TARGET_NAME)";
				TARGETED_DEVICE_FAMILY = "1,2";
				TEST_HOST = "$(BUILT_PRODUCTS_DIR)/ShortVideoDemo.app/ShortVideoDemo";
			};
			name = Release;
		};
		35E1BCE41F8B716300807775 /* Debug */ = {
			isa = XCBuildConfiguration;
			buildSettings = {
				CODE_SIGN_STYLE = Automatic;
				INFOPLIST_FILE = ShortVideoDemoUITests/Info.plist;
				LD_RUNPATH_SEARCH_PATHS = "$(inherited) @executable_path/Frameworks @loader_path/Frameworks";
				PRODUCT_BUNDLE_IDENTIFIER = cc.Boke.com.ShortVideoDemoUITests;
				PRODUCT_NAME = "$(TARGET_NAME)";
				TARGETED_DEVICE_FAMILY = "1,2";
				TEST_TARGET_NAME = ShortVideoDemo;
			};
			name = Debug;
		};
		35E1BCE51F8B716300807775 /* Release */ = {
			isa = XCBuildConfiguration;
			buildSettings = {
				CODE_SIGN_STYLE = Automatic;
				INFOPLIST_FILE = ShortVideoDemoUITests/Info.plist;
				LD_RUNPATH_SEARCH_PATHS = "$(inherited) @executable_path/Frameworks @loader_path/Frameworks";
				PRODUCT_BUNDLE_IDENTIFIER = cc.Boke.com.ShortVideoDemoUITests;
				PRODUCT_NAME = "$(TARGET_NAME)";
				TARGETED_DEVICE_FAMILY = "1,2";
				TEST_TARGET_NAME = ShortVideoDemo;
			};
			name = Release;
		};
/* End XCBuildConfiguration section */

/* Begin XCConfigurationList section */
		35E1BCAC1F8B716200807775 /* Build configuration list for PBXProject "ShortVideoDemo" */ = {
			isa = XCConfigurationList;
			buildConfigurations = (
				35E1BCDB1F8B716300807775 /* Debug */,
				35E1BCDC1F8B716300807775 /* Release */,
			);
			defaultConfigurationIsVisible = 0;
			defaultConfigurationName = Release;
		};
		35E1BCDD1F8B716300807775 /* Build configuration list for PBXNativeTarget "ShortVideoDemo" */ = {
			isa = XCConfigurationList;
			buildConfigurations = (
				35E1BCDE1F8B716300807775 /* Debug */,
				35E1BCDF1F8B716300807775 /* Release */,
			);
			defaultConfigurationIsVisible = 0;
			defaultConfigurationName = Release;
		};
		35E1BCE01F8B716300807775 /* Build configuration list for PBXNativeTarget "ShortVideoDemoTests" */ = {
			isa = XCConfigurationList;
			buildConfigurations = (
				35E1BCE11F8B716300807775 /* Debug */,
				35E1BCE21F8B716300807775 /* Release */,
			);
			defaultConfigurationIsVisible = 0;
			defaultConfigurationName = Release;
		};
		35E1BCE31F8B716300807775 /* Build configuration list for PBXNativeTarget "ShortVideoDemoUITests" */ = {
			isa = XCConfigurationList;
			buildConfigurations = (
				35E1BCE41F8B716300807775 /* Debug */,
				35E1BCE51F8B716300807775 /* Release */,
			);
			defaultConfigurationIsVisible = 0;
			defaultConfigurationName = Release;
		};
/* End XCConfigurationList section */
	};
	rootObject = 35E1BCA91F8B716200807775 /* Project object */;
}
